
Microsoft Visual Studio Solution File, Format Version 12.00
# Visual Studio Version 17
VisualStudioVersion = 17.6.33815.320
MinimumVisualStudioVersion = 10.0.40219.1
Project("{8BC9CEB8-8B4A-11D0-8D11-00A0C91BC942}") = "Sensor", "Sensor\Sensor.vcxproj", "{0A03A9C4-36AF-4CBF-8B16-5608AAC2E12E}"
EndProject
Project("{8BC9CEB8-8B4A-11D0-8D11-00A0C91BC942}") = "Coordinator", "Coordinator\Coordinator.vcxproj", "{361C7398-1077-402B-8098-24B0AEC084B2}"
EndProject
Global
	GlobalSection(SolutionConfigurationPlatforms) = preSolution
		Debug|ARM = Debug|ARM
		Debug|ARM64 = Debug|ARM64
		Debug|x64 = Debug|x64
		Debug|x86 = Debug|x86
		Release|ARM = Release|ARM
		Release|ARM64 = Release|ARM64
		Release|x64 = Release|x64
		Release|x86 = Release|x86
	EndGlobalSection
	GlobalSection(ProjectConfigurationPlatforms) = postSolution
		{0A03A9C4-36AF-4CBF-8B16-5608AAC2E12E}.Debug|ARM.ActiveCfg = Debug|ARM
		{0A03A9C4-36AF-4CBF-8B16-5608AAC2E12E}.Debug|ARM.Build.0 = Debug|ARM
		{0A03A9C4-36AF-4CBF-8B16-5608AAC2E12E}.Debug|ARM.Deploy.0 = Debug|ARM
		{0A03A9C4-36AF-4CBF-8B16-5608AAC2E12E}.Debug|ARM64.ActiveCfg = Debug|ARM64
		{0A03A9C4-36AF-4CBF-8B16-5608AAC2E12E}.Debug|ARM64.Build.0 = Debug|ARM64
		{0A03A9C4-36AF-4CBF-8B16-5608AAC2E12E}.Debug|ARM64.Deploy.0 = Debug|ARM64
		{0A03A9C4-36AF-4CBF-8B16-5608AAC2E12E}.Debug|x64.ActiveCfg = Debug|x64
		{0A03A9C4-36AF-4CBF-8B16-5608AAC2E12E}.Debug|x64.Build.0 = Debug|x64
		{0A03A9C4-36AF-4CBF-8B16-5608AAC2E12E}.Debug|x64.Deploy.0 = Debug|x64
		{0A03A9C4-36AF-4CBF-8B16-5608AAC2E12E}.Debug|x86.ActiveCfg = Debug|x86
		{0A03A9C4-36AF-4CBF-8B16-5608AAC2E12E}.Debug|x86.Build.0 = Debug|x86
		{0A03A9C4-36AF-4CBF-8B16-5608AAC2E12E}.Debug|x86.Deploy.0 = Debug|x86
		{0A03A9C4-36AF-4CBF-8B16-5608AAC2E12E}.Release|ARM.ActiveCfg = Release|ARM
		{0A03A9C4-36AF-4CBF-8B16-5608AAC2E12E}.Release|ARM.Build.0 = Release|ARM
		{0A03A9C4-36AF-4CBF-8B16-5608AAC2E12E}.Release|ARM.Deploy.0 = Release|ARM
		{0A03A9C4-36AF-4CBF-8B16-5608AAC2E12E}.Release|ARM64.ActiveCfg = Release|ARM64
		{0A03A9C4-36AF-4CBF-8B16-5608AAC2E12E}.Release|ARM64.Build.0 = Release|ARM64
		{0A03A9C4-36AF-4CBF-8B16-5608AAC2E12E}.Release|ARM64.Deploy.0 = Release|ARM64
		{0A03A9C4-36AF-4CBF-8B16-5608AAC2E12E}.Release|x64.ActiveCfg = Release|x64
		{0A03A9C4-36AF-4CBF-8B16-5608AAC2E12E}.Release|x64.Build.0 = Release|x64
		{0A03A9C4-36AF-4CBF-8B16-5608AAC2E12E}.Release|x64.Deploy.0 = Release|x64
		{0A03A9C4-36AF-4CBF-8B16-5608AAC2E12E}.Release|x86.ActiveCfg = Release|x86
		{0A03A9C4-36AF-4CBF-8B16-5608AAC2E12E}.Release|x86.Build.0 = Release|x86
		{0A03A9C4-36AF-4CBF-8B16-5608AAC2E12E}.Release|x86.Deploy.0 = Release|x86
		{361C7398-1077-402B-8098-24B0AEC084B2}.Debug|ARM.ActiveCfg = Debug|ARM
		{361C7398-1077-402B-8098-24B0AEC084B2}.Debug|ARM.Build.0 = Debug|ARM
		{361C7398-1077-402B-8098-24B0AEC084B2}.Debug|ARM.Deploy.0 = Debug|ARM
		{361C7398-1077-402B-8098-24B0AEC084B2}.Debug|ARM64.ActiveCfg = Debug|ARM64
		{361C7398-1077-402B-8098-24B0AEC084B2}.Debug|ARM64.Build.0 = Debug|ARM64
		{361C7398-1077-402B-8098-24B0AEC084B2}.Debug|ARM64.Deploy.0 = Debug|ARM64
		{361C7398-1077-402B-8098-24B0AEC084B2}.Debug|x64.ActiveCfg = Debug|x64
		{361C7398-1077-402B-8098-24B0AEC084B2}.Debug|x64.Build.0 = Debug|x64
		{361C7398-1077-402B-8098-24B0AEC084B2}.Debug|x64.Deploy.0 = Debug|x64
		{361C7398-1077-402B-8098-24B0AEC084B2}.Debug|x86.ActiveCfg = Debug|x86
		{361C7398-1077-402B-8098-24B0AEC084B2}.Debug|x86.Build.0 = Debug|x86
		{361C7398-1077-402B-8098-24B0AEC084B2}.Debug|x86.Deploy.0 = Debug|x86
		{361C7398-1077-402B-8098-24B0AEC084B2}.Release|ARM.ActiveCfg = Release|ARM
		{361C7398-1077-402B-8098-24B0AEC084B2}.Release|ARM.Build.0 = Release|ARM
		{361C7398-1077-402B-8098-24B0AEC084B2}.Release|ARM.Deploy.0 = Release|ARM
		{361C7398-1077-402B-8098-24B0AEC084B2}.Release|ARM64.ActiveCfg = Release|ARM64
		{361C7398-1077-402B-8098-24B0AEC084B2}.Release|ARM64.Build.0 = Release|ARM64
		{361C7398-1077-402B-8098-24B0AEC084B2}.Release|ARM64.Deploy.0 = Release|ARM64
		{361C7398-1077-402B-8098-24B0AEC084B2}.Release|x64.ActiveCfg = Release|x64
		{361C7398-1077-402B-8098-24B0AEC084B2}.Release|x64.Build.0 = Release|x64
		{361C7398-1077-402B-8098-24B0AEC084B2}.Release|x64.Deploy.0 = Release|x64
		{361C7398-1077-402B-8098-24B0AEC084B2}.Release|x86.ActiveCfg = Release|x86
		{361C7398-1077-402B-8098-24B0AEC084B2}.Release|x86.Build.0 = Release|x86
		{361C7398-1077-402B-8098-24B0AEC084B2}.Release|x86.Deploy.0 = Release|x86
	EndGlobalSection
	GlobalSection(SolutionProperties) = preSolution
		HideSolutionNode = FALSE
	EndGlobalSection
	GlobalSection(ExtensibilityGlobals) = postSolution
		SolutionGuid = {F469788A-5C21-49B3-85F8-8DFA3244FB7A}
	EndGlobalSection
EndGlobal
